// !$*UTF8*$!
{
	archiveVersion = 1;
	classes = {
	};
	objectVersion = 46;
	objects = {

/* Begin PBXBuildFile section */
		8AC93E8819FDBB7B00B9187A /* main.m in Sources */ = {isa = PBXBuildFile; fileRef = 8AC93E8719FDBB7B00B9187A /* main.m */; };
		8AC93E8B19FDBB7B00B9187A /* AppDelegate.m in Sources */ = {isa = PBXBuildFile; fileRef = 8AC93E8A19FDBB7B00B9187A /* AppDelegate.m */; };
		8AC93E8E19FDBB7B00B9187A /* ViewController.m in Sources */ = {isa = PBXBuildFile; fileRef = 8AC93E8D19FDBB7B00B9187A /* ViewController.m */; };
		8AC93E9119FDBB7B00B9187A /* Main.storyboard in Resources */ = {isa = PBXBuildFile; fileRef = 8AC93E8F19FDBB7B00B9187A /* Main.storyboard */; };
		8AC93E9319FDBB7B00B9187A /* Images.xcassets in Resources */ = {isa = PBXBuildFile; fileRef = 8AC93E9219FDBB7B00B9187A /* Images.xcassets */; };
		8AC93E9619FDBB7B00B9187A /* LaunchScreen.xib in Resources */ = {isa = PBXBuildFile; fileRef = 8AC93E9419FDBB7B00B9187A /* LaunchScreen.xib */; };
		8AC93EA219FDBB7B00B9187A /* ToDoListTests.m in Sources */ = {isa = PBXBuildFile; fileRef = 8AC93EA119FDBB7B00B9187A /* ToDoListTests.m */; };
/* End PBXBuildFile section */

/* Begin PBXContainerItemProxy section */
		8AC93E9C19FDBB7B00B9187A /* PBXContainerItemProxy */ = {
			isa = PBXContainerItemProxy;
			containerPortal = 8AC93E7A19FDBB7B00B9187A /* Project object */;
			proxyType = 1;
			remoteGlobalIDString = 8AC93E8119FDBB7B00B9187A;
			remoteInfo = ToDoList;
		};
/* End PBXContainerItemProxy section */

/* Begin PBXFileReference section */
		8AC93E8219FDBB7B00B9187A /* ToDoList.app */ = {isa = PBXFileReference; explicitFileType = wrapper.application; includeInIndex = 0; path = ToDoList.app; sourceTree = BUILT_PRODUCTS_DIR; };
		8AC93E8619FDBB7B00B9187A /* Info.plist */ = {isa = PBXFileReference; lastKnownFileType = text.plist.xml; path = Info.plist; sourceTree = "<group>"; };
		8AC93E8719FDBB7B00B9187A /* main.m */ = {isa = PBXFileReference; lastKnownFileType = sourcecode.c.objc; path = main.m; sourceTree = "<group>"; };
		8AC93E8919FDBB7B00B9187A /* AppDelegate.h */ = {isa = PBXFileReference; lastKnownFileType = sourcecode.c.h; path = AppDelegate.h; sourceTree = "<group>"; };
		8AC93E8A19FDBB7B00B9187A /* AppDelegate.m */ = {isa = PBXFileReference; lastKnownFileType = sourcecode.c.objc; path = AppDelegate.m; sourceTree = "<group>"; };
		8AC93E8C19FDBB7B00B9187A /* ViewController.h */ = {isa = PBXFileReference; lastKnownFileType = sourcecode.c.h; path = ViewController.h; sourceTree = "<group>"; };
		8AC93E8D19FDBB7B00B9187A /* ViewController.m */ = {isa = PBXFileReference; lastKnownFileType = sourcecode.c.objc; path = ViewController.m; sourceTree = "<group>"; };
		8AC93E9019FDBB7B00B9187A /* Base */ = {isa = PBXFileReference; lastKnownFileType = file.storyboard; name = Base; path = Base.lproj/Main.storyboard; sourceTree = "<group>"; };
		8AC93E9219FDBB7B00B9187A /* Images.xcassets */ = {isa = PBXFileReference; lastKnownFileType = folder.assetcatalog; path = Images.xcassets; sourceTree = "<group>"; };
		8AC93E9519FDBB7B00B9187A /* Base */ = {isa = PBXFileReference; lastKnownFileType = file.xib; name = Base; path = Base.lproj/LaunchScreen.xib; sourceTree = "<group>"; };
		8AC93E9B19FDBB7B00B9187A /* ToDoListTests.xctest */ = {isa = PBXFileReference; explicitFileType = wrapper.cfbundle; includeInIndex = 0; path = ToDoListTests.xctest; sourceTree = BUILT_PRODUCTS_DIR; };
		8AC93EA019FDBB7B00B9187A /* Info.plist */ = {isa = PBXFileReference; lastKnownFileType = text.plist.xml; path = Info.plist; sourceTree = "<group>"; };
		8AC93EA119FDBB7B00B9187A /* ToDoListTests.m */ = {isa = PBXFileReference; lastKnownFileType = sourcecode.c.objc; path = ToDoListTests.m; sourceTree = "<group>"; };
/* End PBXFileReference section */

/* Begin PBXFrameworksBuildPhase section */
		8AC93E7F19FDBB7B00B9187A /* Frameworks */ = {
			isa = PBXFrameworksBuildPhase;
			buildActionMask = 2147483647;
			files = (
			);
			runOnlyForDeploymentPostprocessing = 0;
		};
		8AC93E9819FDBB7B00B9187A /* Frameworks */ = {
			isa = PBXFrameworksBuildPhase;
			buildActionMask = 2147483647;
			files = (
			);
			runOnlyForDeploymentPostprocessing = 0;
		};
/* End PBXFrameworksBuildPhase section */

/* Begin PBXGroup section */
		8AC93E7919FDBB7B00B9187A = {
			isa = PBXGroup;
			children = (
				8AC93E8419FDBB7B00B9187A /* ToDoList */,
				8AC93E9E19FDBB7B00B9187A /* ToDoListTests */,
				8AC93E8319FDBB7B00B9187A /* Products */,
			);
			sourceTree = "<group>";
		};
		8AC93E8319FDBB7B00B9187A /* Products */ = {
			isa = PBXGroup;
			children = (
				8AC93E8219FDBB7B00B9187A /* ToDoList.app */,
				8AC93E9B19FDBB7B00B9187A /* ToDoListTests.xctest */,
			);
			name = Products;
			sourceTree = "<group>";
		};
		8AC93E8419FDBB7B00B9187A /* ToDoList */ = {
			isa = PBXGroup;
			children = (
				8AC93E8919FDBB7B00B9187A /* AppDelegate.h */,
				8AC93E8A19FDBB7B00B9187A /* AppDelegate.m */,
				8AC93E8C19FDBB7B00B9187A /* ViewController.h */,
				8AC93E8D19FDBB7B00B9187A /* ViewController.m */,
				8AC93E8F19FDBB7B00B9187A /* Main.storyboard */,
				8AC93E9219FDBB7B00B9187A /* Images.xcassets */,
				8AC93E9419FDBB7B00B9187A /* LaunchScreen.xib */,
				8AC93E8519FDBB7B00B9187A /* Supporting Files */,
			);
			path = ToDoList;
			sourceTree = "<group>";
		};
		8AC93E8519FDBB7B00B9187A /* Supporting Files */ = {
			isa = PBXGroup;
			children = (
				8AC93E8619FDBB7B00B9187A /* Info.plist */,
				8AC93E8719FDBB7B00B9187A /* main.m */,
			);
			name = "Supporting Files";
			sourceTree = "<group>";
		};
		8AC93E9E19FDBB7B00B9187A /* ToDoListTests */ = {
			isa = PBXGroup;
			children = (
				8AC93EA119FDBB7B00B9187A /* ToDoListTests.m */,
				8AC93E9F19FDBB7B00B9187A /* Supporting Files */,
			);
			path = ToDoListTests;
			sourceTree = "<group>";
		};
		8AC93E9F19FDBB7B00B9187A /* Supporting Files */ = {
			isa = PBXGroup;
			children = (
				8AC93EA019FDBB7B00B9187A /* Info.plist */,
			);
			name = "Supporting Files";
			sourceTree = "<group>";
		};
/* End PBXGroup section */

/* Begin PBXNativeTarget section */
		8AC93E8119FDBB7B00B9187A /* ToDoList */ = {
			isa = PBXNativeTarget;
			buildConfigurationList = 8AC93EA519FDBB7B00B9187A /* Build configuration list for PBXNativeTarget "ToDoList" */;
			buildPhases = (
				8AC93E7E19FDBB7B00B9187A /* Sources */,
				8AC93E7F19FDBB7B00B9187A /* Frameworks */,
				8AC93E8019FDBB7B00B9187A /* Resources */,
			);
			buildRules = (
			);
			dependencies = (
			);
			name = ToDoList;
			productName = ToDoList;
			productReference = 8AC93E8219FDBB7B00B9187A /* ToDoList.app */;
			productType = "com.apple.product-type.application";
		};
		8AC93E9A19FDBB7B00B9187A /* ToDoListTests */ = {
			isa = PBXNativeTarget;
			buildConfigurationList = 8AC93EA819FDBB7B00B9187A /* Build configuration list for PBXNativeTarget "ToDoListTests" */;
			buildPhases = (
				8AC93E9719FDBB7B00B9187A /* Sources */,
				8AC93E9819FDBB7B00B9187A /* Frameworks */,
				8AC93E9919FDBB7B00B9187A /* Resources */,
			);
			buildRules = (
			);
			dependencies = (
				8AC93E9D19FDBB7B00B9187A /* PBXTargetDependency */,
			);
			name = ToDoListTests;
			productName = ToDoListTests;
			productReference = 8AC93E9B19FDBB7B00B9187A /* ToDoListTests.xctest */;
			productType = "com.apple.product-type.bundle.unit-test";
		};
/* End PBXNativeTarget section */

/* Begin PBXProject section */
		8AC93E7A19FDBB7B00B9187A /* Project object */ = {
			isa = PBXProject;
			attributes = {
				LastUpgradeCheck = 0610;
				ORGANIZATIONNAME = "Yina WU";
				TargetAttributes = {
					8AC93E8119FDBB7B00B9187A = {
						CreatedOnToolsVersion = 6.1;
					};
					8AC93E9A19FDBB7B00B9187A = {
						CreatedOnToolsVersion = 6.1;
						TestTargetID = 8AC93E8119FDBB7B00B9187A;
					};
				};
			};
			buildConfigurationList = 8AC93E7D19FDBB7B00B9187A /* Build configuration list for PBXProject "ToDoList" */;
			compatibilityVersion = "Xcode 3.2";
			developmentRegion = English;
			hasScannedForEncodings = 0;
			knownRegions = (
				en,
				Base,
			);
			mainGroup = 8AC93E7919FDBB7B00B9187A;
			productRefGroup = 8AC93E8319FDBB7B00B9187A /* Products */;
			projectDirPath = "";
			projectRoot = "";
			targets = (
				8AC93E8119FDBB7B00B9187A /* ToDoList */,
				8AC93E9A19FDBB7B00B9187A /* ToDoListTests */,
			);
		};
/* End PBXProject section */

/* Begin PBXResourcesBuildPhase section */
		8AC93E8019FDBB7B00B9187A /* Resources */ = {
			isa = PBXResourcesBuildPhase;
			buildActionMask = 2147483647;
			files = (
				8AC93E9119FDBB7B00B9187A /* Main.storyboard in Resources */,
				8AC93E9619FDBB7B00B9187A /* LaunchScreen.xib in Resources */,
				8AC93E9319FDBB7B00B9187A /* Images.xcassets in Resources */,
			);
			runOnlyForDeploymentPostprocessing = 0;
		};
		8AC93E9919FDBB7B00B9187A /* Resources */ = {
			isa = PBXResourcesBuildPhase;
			buildActionMask = 2147483647;
			files = (
			);
			runOnlyForDeploymentPostprocessing = 0;
		};
/* End PBXResourcesBuildPhase section */

/* Begin PBXSourcesBuildPhase section */
		8AC93E7E19FDBB7B00B9187A /* Sources */ = {
			isa = PBXSourcesBuildPhase;
			buildActionMask = 2147483647;
			files = (
				8AC93E8E19FDBB7B00B9187A /* ViewController.m in Sources */,
				8AC93E8B19FDBB7B00B9187A /* AppDelegate.m in Sources */,
				8AC93E8819FDBB7B00B9187A /* main.m in Sources */,
			);
			runOnlyForDeploymentPostprocessing = 0;
		};
		8AC93E9719FDBB7B00B9187A /* Sources */ = {
			isa = PBXSourcesBuildPhase;
			buildActionMask = 2147483647;
			files = (
				8AC93EA219FDBB7B00B9187A /* ToDoListTests.m in Sources */,
			);
			runOnlyForDeploymentPostprocessing = 0;
		};
/* End PBXSourcesBuildPhase section */

/* Begin PBXTargetDependency section */
		8AC93E9D19FDBB7B00B9187A /* PBXTargetDependency */ = {
			isa = PBXTargetDependency;
			target = 8AC93E8119FDBB7B00B9187A /* ToDoList */;
			targetProxy = 8AC93E9C19FDBB7B00B9187A /* PBXContainerItemProxy */;
		};
/* End PBXTargetDependency section */

/* Begin PBXVariantGroup section */
		8AC93E8F19FDBB7B00B9187A /* Main.storyboard */ = {
			isa = PBXVariantGroup;
			children = (
				8AC93E9019FDBB7B00B9187A /* Base */,
			);
			name = Main.storyboard;
			sourceTree = "<group>";
		};
		8AC93E9419FDBB7B00B9187A /* LaunchScreen.xib */ = {
			isa = PBXVariantGroup;
			children = (
				8AC93E9519FDBB7B00B9187A /* Base */,
			);
			name = LaunchScreen.xib;
			sourceTree = "<group>";
		};
/* End PBXVariantGroup section */

/* Begin XCBuildConfiguration section */
		8AC93EA319FDBB7B00B9187A /* Debug */ = {
			isa = XCBuildConfiguration;
			buildSettings = {
				ALWAYS_SEARCH_USER_PATHS = NO;
				CLANG_CXX_LANGUAGE_STANDARD = "gnu++0x";
				CLANG_CXX_LIBRARY = "libc++";
				CLANG_ENABLE_MODULES = YES;
				CLANG_ENABLE_OBJC_ARC = YES;
				CLANG_WARN_BOOL_CONVERSION = YES;
				CLANG_WARN_CONSTANT_CONVERSION = YES;
				CLANG_WARN_DIRECT_OBJC_ISA_USAGE = YES_ERROR;
				CLANG_WARN_EMPTY_BODY = YES;
				CLANG_WARN_ENUM_CONVERSION = YES;
				CLANG_WARN_INT_CONVERSION = YES;
				CLANG_WARN_OBJC_ROOT_CLASS = YES_ERROR;
				CLANG_WARN_UNREACHABLE_CODE = YES;
				CLANG_WARN__DUPLICATE_METHOD_MATCH = YES;
				"CODE_SIGN_IDENTITY[sdk=iphoneos*]" = "iPhone Developer";
				COPY_PHASE_STRIP = NO;
				ENABLE_STRICT_OBJC_MSGSEND = YES;
				GCC_C_LANGUAGE_STANDARD = gnu99;
				GCC_DYNAMIC_NO_PIC = NO;
				GCC_OPTIMIZATION_LEVEL = 0;
				GCC_PREPROCESSOR_DEFINITIONS = (
					"DEBUG=1",
					"$(inherited)",
				);
				GCC_SYMBOLS_PRIVATE_EXTERN = NO;
				GCC_WARN_64_TO_32_BIT_CONVERSION = YES;
				GCC_WARN_ABOUT_RETURN_TYPE = YES_ERROR;
				GCC_WARN_UNDECLARED_SELECTOR = YES;
				GCC_WARN_UNINITIALIZED_AUTOS = YES_AGGRESSIVE;
				GCC_WARN_UNUSED_FUNCTION = YES;
				GCC_WARN_UNUSED_VARIABLE = YES;
				IPHONEOS_DEPLOYMENT_TARGET = 8.1;
				MTL_ENABLE_DEBUG_INFO = YES;
				ONLY_ACTIVE_ARCH = YES;
				SDKROOT = iphoneos;
			};
			name = Debug;
		};
		8AC93EA419FDBB7B00B9187A /* Release */ = {
			isa = XCBuildConfiguration;
			buildSettings = {
				ALWAYS_SEARCH_USER_PATHS = NO;
				CLANG_CXX_LANGUAGE_STANDARD = "gnu++0x";
				CLANG_CXX_LIBRARY = "libc++";
				CLANG_ENABLE_MODULES = YES;
				CLANG_ENABLE_OBJC_ARC = YES;
				CLANG_WARN_BOOL_CONVERSION = YES;
				CLANG_WARN_CONSTANT_CONVERSION = YES;
				CLANG_WARN_DIRECT_OBJC_ISA_USAGE = YES_ERROR;
				CLANG_WARN_EMPTY_BODY = YES;
				CLANG_WARN_ENUM_CONVERSION = YES;
				CLANG_WARN_INT_CONVERSION = YES;
				CLANG_WARN_OBJC_ROOT_CLASS = YES_ERROR;
				CLANG_WARN_UNREACHABLE_CODE = YES;
				CLANG_WARN__DUPLICATE_METHOD_MATCH = YES;
				"CODE_SIGN_IDENTITY[sdk=iphoneos*]" = "iPhone Developer";
				COPY_PHASE_STRIP = YES;
				ENABLE_NS_ASSERTIONS = NO;
				ENABLE_STRICT_OBJC_MSGSEND = YES;
				GCC_C_LANGUAGE_STANDARD = gnu99;
				GCC_WARN_64_TO_32_BIT_CONVERSION = YES;
				GCC_WARN_ABOUT_RETURN_TYPE = YES_ERROR;
				GCC_WARN_UNDECLARED_SELECTOR = YES;
				GCC_WARN_UNINITIALIZED_AUTOS = YES_AGGRESSIVE;
				GCC_WARN_UNUSED_FUNCTION = YES;
				GCC_WARN_UNUSED_VARIABLE = YES;
				IPHONEOS_DEPLOYMENT_TARGET = 8.1;
				MTL_ENABLE_DEBUG_INFO = NO;
				SDKROOT = iphoneos;
				VALIDATE_PRODUCT = YES;
			};
			name = Release;
		};
		8AC93EA619FDBB7B00B9187A /* Debug */ = {
			isa = XCBuildConfiguration;
			buildSettings = {
				ASSETCATALOG_COMPILER_APPICON_NAME = AppIcon;
				INFOPLIST_FILE = ToDoList/Info.plist;
				LD_RUNPATH_SEARCH_PATHS = "$(inherited) @executable_path/Frameworks";
				PRODUCT_NAME = "$(TARGET_NAME)";
			};
			name = Debug;
		};
		8AC93EA719FDBB7B00B9187A /* Release */ = {
			isa = XCBuildConfiguration;
			buildSettings = {
				ASSETCATALOG_COMPILER_APPICON_NAME = AppIcon;
				INFOPLIST_FILE = ToDoList/Info.plist;
				LD_RUNPATH_SEARCH_PATHS = "$(inherited) @executable_path/Frameworks";
				PRODUCT_NAME = "$(TARGET_NAME)";
			};
			name = Release;
		};
		8AC93EA919FDBB7B00B9187A /* Debug */ = {
			isa = XCBuildConfiguration;
			buildSettings = {
				BUNDLE_LOADER = "$(TEST_HOST)";
				FRAMEWORK_SEARCH_PATHS = (
					"$(SDKROOT)/Developer/Library/Frameworks",
					"$(inherited)",
				);
				GCC_PREPROCESSOR_DEFINITIONS = (
					"DEBUG=1",
					"$(inherited)",
				);
				INFOPLIST_FILE = ToDoListTests/Info.plist;
				LD_RUNPATH_SEARCH_PATHS = "$(inherited) @executable_path/Frameworks @loader_path/Frameworks";
				PRODUCT_NAME = "$(TARGET_NAME)";
				TEST_HOST = "$(BUILT_PRODUCTS_DIR)/ToDoList.app/ToDoList";
			};
			name = Debug;
		};
		8AC93EAA19FDBB7B00B9187A /* Release */ = {
			isa = XCBuildConfiguration;
			buildSettings = {
				BUNDLE_LOADER = "$(TEST_HOST)";
				FRAMEWORK_SEARCH_PATHS = (
					"$(SDKROOT)/Developer/Library/Frameworks",
					"$(inherited)",
				);
				INFOPLIST_FILE = ToDoListTests/Info.plist;
				LD_RUNPATH_SEARCH_PATHS = "$(inherited) @executable_path/Frameworks @loader_path/Frameworks";
				PRODUCT_NAME = "$(TARGET_NAME)";
				TEST_HOST = "$(BUILT_PRODUCTS_DIR)/ToDoList.app/ToDoList";
			};
			name = Release;
		};
/* End XCBuildConfiguration section */

/* Begin XCConfigurationList section */
		8AC93E7D19FDBB7B00B9187A /* Build configuration list for PBXProject "ToDoList" */ = {
			isa = XCConfigurationList;
			buildConfigurations = (
				8AC93EA319FDBB7B00B9187A /* Debug */,
				8AC93EA419FDBB7B00B9187A /* Release */,
			);
			defaultConfigurationIsVisible = 0;
			defaultConfigurationName = Release;
		};
		8AC93EA519FDBB7B00B9187A /* Build configuration list for PBXNativeTarget "ToDoList" */ = {
			isa = XCConfigurationList;
			buildConfigurations = (
				8AC93EA619FDBB7B00B9187A /* Debug */,
				8AC93EA719FDBB7B00B9187A /* Release */,
			);
			defaultConfigurationIsVisible = 0;
		};
		8AC93EA819FDBB7B00B9187A /* Build configuration list for PBXNativeTarget "ToDoListTests" */ = {
			isa = XCConfigurationList;
			buildConfigurations = (
				8AC93EA919FDBB7B00B9187A /* Debug */,
				8AC93EAA19FDBB7B00B9187A /* Release */,
			);
			defaultConfigurationIsVisible = 0;
		};
/* End XCConfigurationList section */
	};
	rootObject = 8AC93E7A19FDBB7B00B9187A /* Project object */;
}
